<?xml version="1.0" encoding="utf-8"?>
<Project ToolsVersion="4.0" xmlns="http://schemas.microsoft.com/developer/msbuild/2003">
  <ItemGroup>
    <ClCompile Include="glad.c" />
    <ClCompile Include="main.c" />
    <ClCompile Include="renderer.c" />
    <ClCompile Include="shader_utils.c" />
    <ClCompile Include="camera_utils.c" />
    <ClCompile Include="randomer_light.c" />
    <ClCompile Include="randomer_cube.c" />
    <ClCompile Include="mesh.c" />
    <ClCompile Include="model.c" />
    <ClCompile Include="texture.c" />
  </ItemGroup>
  <ItemGroup>
    <ClInclude Include="renderer.h" />
    <ClInclude Include="shader_source.h" />
    <ClInclude Include="util.h" />
    <ClInclude Include="shader_utils.h" />
    <ClInclude Include="stb_image.h" />
    <ClInclude Include="data.h" />
    <ClInclude Include="camera_utils.h" />
    <ClInclude Include="randomer_light.h" />
    <ClInclude Include="randomer_cube.h" />
    <ClInclude Include="mesh.h" />
    <ClInclude Include="model.h" />
    <ClInclude Include="texture.h" />
  </ItemGroup>
  <ItemGroup>
    <Filter Include="glsl">
      <UniqueIdentifier>{44566677-5f4b-4eeb-8cc7-4efd78b66f6f}</UniqueIdentifier>
    </Filter>
  </ItemGroup>
  <ItemGroup>
    <None Include="glsl\cubes.frag">
      <Filter>glsl</Filter>
    </None>
    <None Include="glsl\cubes.vert">
      <Filter>glsl</Filter>
    </None>
    <None Include="glsl\light_source.frag">
      <Filter>glsl</Filter>
    </None>
    <None Include="glsl\light_source.vert">
      <Filter>glsl</Filter>
    </None>
    <None Include="glsl\phong.frag">
      <Filter>glsl</Filter>
    </None>
    <None Include="glsl\phong.vert">
      <Filter>glsl</Filter>
    </None>
  </ItemGroup>
</Project>